
Microsoft Visual Studio Solution File, Format Version 12.00
# Visual Studio 15
VisualStudioVersion = 15.0.27703.2035
MinimumVisualStudioVersion = 10.0.40219.1
Project("{8BC9CEB8-8B4A-11D0-8D11-00A0C91BC942}") = "FSXRichPresence", "FSXRichPresence\FSXRichPresence.vcxproj", "{BD251381-5130-4067-B956-A8602C8B1C9E}"
EndProject
Global
	GlobalSection(SolutionConfigurationPlatforms) = preSolution
		Debug|x64 = Debug|x64
		Debug|x86 = Debug|x86
		Release|x64 = Release|x64
		Release|x86 = Release|x86
		SIM_FSXA|x64 = SIM_FSXA|x64
		SIM_FSXA|x86 = SIM_FSXA|x86
		SIM_P3D4|x64 = SIM_P3D4|x64
		SIM_P3D4|x86 = SIM_P3D4|x86
	EndGlobalSection
	GlobalSection(ProjectConfigurationPlatforms) = postSolution
		{BD251381-5130-4067-B956-A8602C8B1C9E}.Debug|x64.ActiveCfg = Debug|x64
		{BD251381-5130-4067-B956-A8602C8B1C9E}.Debug|x64.Build.0 = Debug|x64
		{BD251381-5130-4067-B956-A8602C8B1C9E}.Debug|x86.ActiveCfg = Debug|Win32
		{BD251381-5130-4067-B956-A8602C8B1C9E}.Debug|x86.Build.0 = Debug|Win32
		{BD251381-5130-4067-B956-A8602C8B1C9E}.Release|x64.ActiveCfg = Release|Win32
		{BD251381-5130-4067-B956-A8602C8B1C9E}.Release|x64.Build.0 = Release|Win32
		{BD251381-5130-4067-B956-A8602C8B1C9E}.Release|x86.ActiveCfg = Release|Win32
		{BD251381-5130-4067-B956-A8602C8B1C9E}.Release|x86.Build.0 = Release|Win32
		{BD251381-5130-4067-B956-A8602C8B1C9E}.SIM_FSXA|x64.ActiveCfg = SIM_FSXA|x64
		{BD251381-5130-4067-B956-A8602C8B1C9E}.SIM_FSXA|x64.Build.0 = SIM_FSXA|x64
		{BD251381-5130-4067-B956-A8602C8B1C9E}.SIM_FSXA|x86.ActiveCfg = SIM_FSXA|Win32
		{BD251381-5130-4067-B956-A8602C8B1C9E}.SIM_FSXA|x86.Build.0 = SIM_FSXA|Win32
		{BD251381-5130-4067-B956-A8602C8B1C9E}.SIM_P3D4|x64.ActiveCfg = SIM_P3D4|x64
		{BD251381-5130-4067-B956-A8602C8B1C9E}.SIM_P3D4|x64.Build.0 = SIM_P3D4|x64
		{BD251381-5130-4067-B956-A8602C8B1C9E}.SIM_P3D4|x86.ActiveCfg = SIM_P3D4|Win32
		{BD251381-5130-4067-B956-A8602C8B1C9E}.SIM_P3D4|x86.Build.0 = SIM_P3D4|Win32
	EndGlobalSection
	GlobalSection(SolutionProperties) = preSolution
		HideSolutionNode = FALSE
	EndGlobalSection
	GlobalSection(ExtensibilityGlobals) = postSolution
		SolutionGuid = {F081C5EC-64B2-4F33-AC01-2FBF9F2F2757}
	EndGlobalSection
EndGlobal
